
Microsoft Visual Studio Solution File, Format Version 12.00
# Visual Studio Version 16
VisualStudioVersion = 16.0.30204.135
MinimumVisualStudioVersion = 10.0.40219.1
Project("{FAE04EC0-301F-11D3-BF4B-00C04F79EFBC}") = "PasswordHasherUsingPBKDF2", "PasswordHasherUsingPBKDF2\PasswordHasherUsingPBKDF2.csproj", "{5CA0B9B3-7EDB-4FCC-A6D3-95960D310447}"
EndProject
Global
	GlobalSection(SolutionConfigurationPlatforms) = preSolution
		Debug|Any CPU = Debug|Any CPU
		Release|Any CPU = Release|Any CPU
	EndGlobalSection
	GlobalSection(ProjectConfigurationPlatforms) = postSolution
		{5CA0B9B3-7EDB-4FCC-A6D3-95960D310447}.Debug|Any CPU.ActiveCfg = Debug|Any CPU
		{5CA0B9B3-7EDB-4FCC-A6D3-95960D310447}.Debug|Any CPU.Build.0 = Debug|Any CPU
		{5CA0B9B3-7EDB-4FCC-A6D3-95960D310447}.Release|Any CPU.ActiveCfg = Release|Any CPU
		{5CA0B9B3-7EDB-4FCC-A6D3-95960D310447}.Release|Any CPU.Build.0 = Release|Any CPU
	EndGlobalSection
	GlobalSection(SolutionProperties) = preSolution
		HideSolutionNode = FALSE
	EndGlobalSection
	GlobalSection(ExtensibilityGlobals) = postSolution
		SolutionGuid = {6EB8DEB9-33AC-46D7-8943-72E520A5ABC2}
	EndGlobalSection
EndGlobal
